{
  "name": "boggle",
  "version": "0.1.0",
  "lockfileVersion": 1,
  "requires": true,
  "dependencies": {
    "react-autobind": {
      "version": "1.0.6",
      "resolved": "https://registry.npmjs.org/react-autobind/-/react-autobind-1.0.6.tgz",
      "integrity": "sha1-k2u1jt9ribYZxQ+C8OYXFZ/f1PE="
    }
  }
}
